{
  "originHash" : "bd6a992f03f3c169a890dbf1326819a92f3537ed34b34c7de3813be373732228",
  "pins" : [
    {
      "identity" : "alamofire",
      "kind" : "remoteSourceControl",
      "location" : "https://github.com/Alamofire/Alamofire",
      "state" : {
        "revision" : "513364f870f6bfc468f9d2ff0a95caccc10044c5",
        "version" : "5.10.2"
      }
    },
    {
      "identity" : "ios-core",
      "kind" : "remoteSourceControl",
      "location" : "https://github.com/Infomaniak/ios-core",
      "state" : {
        "revision" : "bb803247827328de9dcb5431fa599992ba6e67cd",
        "version" : "19.0.0"
      }
    },
    {
      "identity" : "ios-dependency-injection",
      "kind" : "remoteSourceControl",
      "location" : "https://github.com/Infomaniak/ios-dependency-injection",
      "state" : {
        "revision" : "7d127ead20bbb4a6a39ca60e6dc32e580197b59e",
        "version" : "2.0.2"
      }
    },
    {
      "identity" : "ios-login",
      "kind" : "remoteSourceControl",
      "location" : "https://github.com/Infomaniak/ios-login",
      "state" : {
        "revision" : "d3c8fa9dd7ea7e44a1a741b58d1036d4a7989588",
        "version" : "7.2.0"
      }
    },
    {
      "identity" : "osinfo",
      "kind" : "remoteSourceControl",
      "location" : "https://github.com/MarcoEidinger/OSInfo.git",
      "state" : {
        "revision" : "54fd6673923ef5966268918152235b0e15ed057c",
        "version" : "1.0.1"
      }
    },
    {
      "identity" : "realm-core",
      "kind" : "remoteSourceControl",
      "location" : "https://github.com/realm/realm-core.git",
      "state" : {
        "revision" : "b4192c46305570577c4d08df790fddec5ab3aa04",
        "version" : "20.1.5"
      }
    },
    {
      "identity" : "realm-swift",
      "kind" : "remoteSourceControl",
      "location" : "https://github.com/realm/realm-swift",
      "state" : {
        "revision" : "ca03df491ec5e4bb8af0bca1e9957d08c10ec2da",
        "version" : "20.0.5"
      }
    },
    {
      "identity" : "sentry-cocoa",
      "kind" : "remoteSourceControl",
      "location" : "https://github.com/getsentry/sentry-cocoa",
      "state" : {
        "revision" : "43abfbf9a26089ad34604c718ad0935440caf1d4",
        "version" : "9.18.0"
      }
    }
  ],
  "version" : 3
}
